
Microsoft Visual Studio Solution File, Format Version 12.00
# Visual Studio Version 16
VisualStudioVersion = 16.0.32228.343
MinimumVisualStudioVersion = 10.0.40219.1
Project("{9A19103F-16F7-4668-BE54-9A1E7A4F7556}") = "EngApi", "EngApi\EngApi.csproj", "{3B1F28EF-6AEE-436F-9DE6-C44008F94454}"
EndProject
Project("{E53339B2-1760-4266-BCC7-CA923CBCF16C}") = "docker-compose", "docker-compose.dcproj", "{8BDEF82F-DB09-4B89-81E5-EF70FD6363BB}"
EndProject
Global
	GlobalSection(SolutionConfigurationPlatforms) = preSolution
		Debug|Any CPU = Debug|Any CPU
		Release|Any CPU = Release|Any CPU
	EndGlobalSection
	GlobalSection(ProjectConfigurationPlatforms) = postSolution
		{3B1F28EF-6AEE-436F-9DE6-C44008F94454}.Debug|Any CPU.ActiveCfg = Debug|Any CPU
		{3B1F28EF-6AEE-436F-9DE6-C44008F94454}.Debug|Any CPU.Build.0 = Debug|Any CPU
		{3B1F28EF-6AEE-436F-9DE6-C44008F94454}.Release|Any CPU.ActiveCfg = Release|Any CPU
		{3B1F28EF-6AEE-436F-9DE6-C44008F94454}.Release|Any CPU.Build.0 = Release|Any CPU
		{8BDEF82F-DB09-4B89-81E5-EF70FD6363BB}.Debug|Any CPU.ActiveCfg = Debug|Any CPU
		{8BDEF82F-DB09-4B89-81E5-EF70FD6363BB}.Debug|Any CPU.Build.0 = Debug|Any CPU
		{8BDEF82F-DB09-4B89-81E5-EF70FD6363BB}.Release|Any CPU.ActiveCfg = Release|Any CPU
		{8BDEF82F-DB09-4B89-81E5-EF70FD6363BB}.Release|Any CPU.Build.0 = Release|Any CPU
	EndGlobalSection
	GlobalSection(SolutionProperties) = preSolution
		HideSolutionNode = FALSE
	EndGlobalSection
	GlobalSection(ExtensibilityGlobals) = postSolution
		SolutionGuid = {75BA5DEE-FCA1-47D5-A73B-F0727F62C7D6}
	EndGlobalSection
EndGlobal
